github.com/nlepage/go-js-promise v1.1.0 h1:BfvywsIMo4cpNOKyoReBWkxEW8f9HMwXqGc45wEKPRs=
github.com/nlepage/go-js-promise v1.1.0/go.mod h1:bdOP0wObXu34euibyK39K1hoBCtlgTKXGc56AGflaRo=
github.com/shynome/err0 v0.1.0 h1:+cWnUkE2kZ9fFTTOrgSkoPzBuSppywI9gd0EFQrFaDw=
github.com/shynome/err0 v0.1.0/go.mod h1:n5YVOAf8QSa8LMWWFKCXoHQjAjwjywKFiORV/btN3Aw=
